// !$*UTF8*$!
{
	archiveVersion = 1;
	classes = {
	};
	objectVersion = 46;
	objects = {

/* Begin PBXBuildFile section */
		D615FBD11AFCD80700CB208C /* explosion.mp3 in Resources */ = {isa = PBXBuildFile; fileRef = D615FBD01AFCD80700CB208C /* explosion.mp3 */; };
		D615FBD31AFCFA2700CB208C /* GameKit.framework in Frameworks */ = {isa = PBXBuildFile; fileRef = D615FBD21AFCFA2700CB208C /* GameKit.framework */; };
		D615FBD51AFCFAC900CB208C /* GameCenterManager.swift in Sources */ = {isa = PBXBuildFile; fileRef = D615FBD41AFCFAC900CB208C /* GameCenterManager.swift */; };
		D625ED7F1AFEDE0B00E9F40C /* Menu.sks in Resources */ = {isa = PBXBuildFile; fileRef = D625ED7E1AFEDE0B00E9F40C /* Menu.sks */; };
		D625EDB31AFEEEE800E9F40C /* Menu.swift in Sources */ = {isa = PBXBuildFile; fileRef = D625EDB21AFEEEE800E9F40C /* Menu.swift */; };
		D63F43411AFB8A20000885E7 /* SKScene_extension.swift in Sources */ = {isa = PBXBuildFile; fileRef = D63F43401AFB8A20000885E7 /* SKScene_extension.swift */; };
		D63F43451AFBA538000885E7 /* Player.swift in Sources */ = {isa = PBXBuildFile; fileRef = D63F43441AFBA538000885E7 /* Player.swift */; };
		D63F43471AFBAC8C000885E7 /* laser.mp3 in Resources */ = {isa = PBXBuildFile; fileRef = D63F43461AFBAC8C000885E7 /* laser.mp3 */; };
		D63F43491AFBB020000885E7 /* Enemy.swift in Sources */ = {isa = PBXBuildFile; fileRef = D63F43481AFBB020000885E7 /* Enemy.swift */; };
		D63F434D1AFBE89A000885E7 /* bg_sound1.mp3 in Resources */ = {isa = PBXBuildFile; fileRef = D63F434C1AFBE89A000885E7 /* bg_sound1.mp3 */; };
		D63F43511AFBEA68000885E7 /* rocket.png in Resources */ = {isa = PBXBuildFile; fileRef = D63F434F1AFBEA68000885E7 /* rocket.png */; };
		D63F43521AFBEA68000885E7 /* alien-spaceship.png in Resources */ = {isa = PBXBuildFile; fileRef = D63F43501AFBEA68000885E7 /* alien-spaceship.png */; };
		D63F43561AFBF824000885E7 /* space.png in Resources */ = {isa = PBXBuildFile; fileRef = D63F43551AFBF824000885E7 /* space.png */; };
		D63F43581AFC1778000885E7 /* HUD.swift in Sources */ = {isa = PBXBuildFile; fileRef = D63F43571AFC1778000885E7 /* HUD.swift */; };
		D63F435A1AFC311F000885E7 /* Singleton.swift in Sources */ = {isa = PBXBuildFile; fileRef = D63F43591AFC311F000885E7 /* Singleton.swift */; };
		D63F435C1AFC3371000885E7 /* laser.png in Resources */ = {isa = PBXBuildFile; fileRef = D63F435B1AFC3371000885E7 /* laser.png */; };
		D63F435E1AFC3BFC000885E7 /* explosion.png in Resources */ = {isa = PBXBuildFile; fileRef = D63F435D1AFC3BFC000885E7 /* explosion.png */; };
		D6869D321AFEC96600F4C3B9 /* fire.sks in Resources */ = {isa = PBXBuildFile; fileRef = D6869D301AFEC96600F4C3B9 /* fire.sks */; };
		D6869D331AFEC96600F4C3B9 /* spark.png in Resources */ = {isa = PBXBuildFile; fileRef = D6869D311AFEC96600F4C3B9 /* spark.png */; };
		D6869D391AFECEB300F4C3B9 /* exhaust.sks in Resources */ = {isa = PBXBuildFile; fileRef = D6869D381AFECEB300F4C3B9 /* exhaust.sks */; };
		D6D2EA6E1AF7A90B00C1F31E /* AppDelegate.swift in Sources */ = {isa = PBXBuildFile; fileRef = D6D2EA6D1AF7A90B00C1F31E /* AppDelegate.swift */; };
		D6D2EA721AF7A90B00C1F31E /* GameScene.swift in Sources */ = {isa = PBXBuildFile; fileRef = D6D2EA711AF7A90B00C1F31E /* GameScene.swift */; };
		D6D2EA741AF7A90B00C1F31E /* GameViewController.swift in Sources */ = {isa = PBXBuildFile; fileRef = D6D2EA731AF7A90B00C1F31E /* GameViewController.swift */; };
		D6D2EA771AF7A90B00C1F31E /* Main.storyboard in Resources */ = {isa = PBXBuildFile; fileRef = D6D2EA751AF7A90B00C1F31E /* Main.storyboard */; };
		D6D2EA791AF7A90B00C1F31E /* Images.xcassets in Resources */ = {isa = PBXBuildFile; fileRef = D6D2EA781AF7A90B00C1F31E /* Images.xcassets */; };
		D6D2EA7C1AF7A90B00C1F31E /* LaunchScreen.xib in Resources */ = {isa = PBXBuildFile; fileRef = D6D2EA7A1AF7A90B00C1F31E /* LaunchScreen.xib */; };
		D6D2EA881AF7A90B00C1F31E /* SpriteKit_tutorialEasyTests.swift in Sources */ = {isa = PBXBuildFile; fileRef = D6D2EA871AF7A90B00C1F31E /* SpriteKit_tutorialEasyTests.swift */; };
		D6D2EA961AF7AB0A00C1F31E /* background-music-aac.caf in Resources */ = {isa = PBXBuildFile; fileRef = D6D2EA931AF7AB0A00C1F31E /* background-music-aac.caf */; };
		D6D2EA971AF7AB0A00C1F31E /* pew-pew-lei.caf in Resources */ = {isa = PBXBuildFile; fileRef = D6D2EA941AF7AB0A00C1F31E /* pew-pew-lei.caf */; };
		D6D2EA9A1AF7D10600C1F31E /* GameOverScene.swift in Sources */ = {isa = PBXBuildFile; fileRef = D6D2EA991AF7D10600C1F31E /* GameOverScene.swift */; };
		D6D982A41B00499300106A60 /* pause.png in Resources */ = {isa = PBXBuildFile; fileRef = D6D982A31B00499300106A60 /* pause.png */; };
/* End PBXBuildFile section */

/* Begin PBXContainerItemProxy section */
		D6D2EA821AF7A90B00C1F31E /* PBXContainerItemProxy */ = {
			isa = PBXContainerItemProxy;
			containerPortal = D6D2EA601AF7A90B00C1F31E /* Project object */;
			proxyType = 1;
			remoteGlobalIDString = D6D2EA671AF7A90B00C1F31E;
			remoteInfo = SpriteKit_tutorialEasy;
		};
/* End PBXContainerItemProxy section */

/* Begin PBXFileReference section */
		D615FBD01AFCD80700CB208C /* explosion.mp3 */ = {isa = PBXFileReference; lastKnownFileType = audio.mp3; path = explosion.mp3; sourceTree = "<group>"; };
		D615FBD21AFCFA2700CB208C /* GameKit.framework */ = {isa = PBXFileReference; lastKnownFileType = wrapper.framework; name = GameKit.framework; path = System/Library/Frameworks/GameKit.framework; sourceTree = SDKROOT; };
		D615FBD41AFCFAC900CB208C /* GameCenterManager.swift */ = {isa = PBXFileReference; fileEncoding = 4; lastKnownFileType = sourcecode.swift; path = GameCenterManager.swift; sourceTree = "<group>"; };
		D625ED7E1AFEDE0B00E9F40C /* Menu.sks */ = {isa = PBXFileReference; lastKnownFileType = file.sks; path = Menu.sks; sourceTree = "<group>"; };
		D625EDB21AFEEEE800E9F40C /* Menu.swift */ = {isa = PBXFileReference; fileEncoding = 4; lastKnownFileType = sourcecode.swift; name = Menu.swift; path = Scenes/Menu.swift; sourceTree = "<group>"; };
		D63F43401AFB8A20000885E7 /* SKScene_extension.swift */ = {isa = PBXFileReference; fileEncoding = 4; lastKnownFileType = sourcecode.swift; path = SKScene_extension.swift; sourceTree = "<group>"; };
		D63F43421AFBA427000885E7 /* Testes.playground */ = {isa = PBXFileReference; lastKnownFileType = file.playground; name = Testes.playground; path = ../Testes.playground; sourceTree = "<group>"; };
		D63F43441AFBA538000885E7 /* Player.swift */ = {isa = PBXFileReference; fileEncoding = 4; lastKnownFileType = sourcecode.swift; path = Player.swift; sourceTree = "<group>"; };
		D63F43461AFBAC8C000885E7 /* laser.mp3 */ = {isa = PBXFileReference; lastKnownFileType = audio.mp3; path = laser.mp3; sourceTree = "<group>"; };
		D63F43481AFBB020000885E7 /* Enemy.swift */ = {isa = PBXFileReference; fileEncoding = 4; lastKnownFileType = sourcecode.swift; path = Enemy.swift; sourceTree = "<group>"; };
		D63F434C1AFBE89A000885E7 /* bg_sound1.mp3 */ = {isa = PBXFileReference; lastKnownFileType = audio.mp3; path = bg_sound1.mp3; sourceTree = "<group>"; };
		D63F434F1AFBEA68000885E7 /* rocket.png */ = {isa = PBXFileReference; lastKnownFileType = image.png; path = rocket.png; sourceTree = "<group>"; };
		D63F43501AFBEA68000885E7 /* alien-spaceship.png */ = {isa = PBXFileReference; lastKnownFileType = image.png; path = "alien-spaceship.png"; sourceTree = "<group>"; };
		D63F43551AFBF824000885E7 /* space.png */ = {isa = PBXFileReference; lastKnownFileType = image.png; path = space.png; sourceTree = "<group>"; };
		D63F43571AFC1778000885E7 /* HUD.swift */ = {isa = PBXFileReference; fileEncoding = 4; lastKnownFileType = sourcecode.swift; path = HUD.swift; sourceTree = "<group>"; };
		D63F43591AFC311F000885E7 /* Singleton.swift */ = {isa = PBXFileReference; fileEncoding = 4; lastKnownFileType = sourcecode.swift; path = Singleton.swift; sourceTree = "<group>"; };
		D63F435B1AFC3371000885E7 /* laser.png */ = {isa = PBXFileReference; lastKnownFileType = image.png; path = laser.png; sourceTree = "<group>"; };
		D63F435D1AFC3BFC000885E7 /* explosion.png */ = {isa = PBXFileReference; lastKnownFileType = image.png; path = explosion.png; sourceTree = "<group>"; };
		D6869D301AFEC96600F4C3B9 /* fire.sks */ = {isa = PBXFileReference; lastKnownFileType = file.sks; name = fire.sks; path = Particles/fire.sks; sourceTree = "<group>"; };
		D6869D311AFEC96600F4C3B9 /* spark.png */ = {isa = PBXFileReference; lastKnownFileType = image.png; name = spark.png; path = Particles/spark.png; sourceTree = "<group>"; };
		D6869D381AFECEB300F4C3B9 /* exhaust.sks */ = {isa = PBXFileReference; lastKnownFileType = file.sks; name = exhaust.sks; path = Particles/exhaust.sks; sourceTree = "<group>"; };
		D6D2EA681AF7A90B00C1F31E /* SpriteKit_tutorialEasy.app */ = {isa = PBXFileReference; explicitFileType = wrapper.application; includeInIndex = 0; path = SpriteKit_tutorialEasy.app; sourceTree = BUILT_PRODUCTS_DIR; };
		D6D2EA6C1AF7A90B00C1F31E /* Info.plist */ = {isa = PBXFileReference; lastKnownFileType = text.plist.xml; path = Info.plist; sourceTree = "<group>"; };
		D6D2EA6D1AF7A90B00C1F31E /* AppDelegate.swift */ = {isa = PBXFileReference; lastKnownFileType = sourcecode.swift; path = AppDelegate.swift; sourceTree = "<group>"; };
		D6D2EA711AF7A90B00C1F31E /* GameScene.swift */ = {isa = PBXFileReference; lastKnownFileType = sourcecode.swift; path = GameScene.swift; sourceTree = "<group>"; };
		D6D2EA731AF7A90B00C1F31E /* GameViewController.swift */ = {isa = PBXFileReference; lastKnownFileType = sourcecode.swift; path = GameViewController.swift; sourceTree = "<group>"; };
		D6D2EA761AF7A90B00C1F31E /* Base */ = {isa = PBXFileReference; lastKnownFileType = file.storyboard; name = Base; path = Base.lproj/Main.storyboard; sourceTree = "<group>"; };
		D6D2EA781AF7A90B00C1F31E /* Images.xcassets */ = {isa = PBXFileReference; lastKnownFileType = folder.assetcatalog; path = Images.xcassets; sourceTree = "<group>"; };
		D6D2EA7B1AF7A90B00C1F31E /* Base */ = {isa = PBXFileReference; lastKnownFileType = file.xib; name = Base; path = Base.lproj/LaunchScreen.xib; sourceTree = "<group>"; };
		D6D2EA811AF7A90B00C1F31E /* SpriteKit_tutorialEasyTests.xctest */ = {isa = PBXFileReference; explicitFileType = wrapper.cfbundle; includeInIndex = 0; path = SpriteKit_tutorialEasyTests.xctest; sourceTree = BUILT_PRODUCTS_DIR; };
		D6D2EA861AF7A90B00C1F31E /* Info.plist */ = {isa = PBXFileReference; lastKnownFileType = text.plist.xml; path = Info.plist; sourceTree = "<group>"; };
		D6D2EA871AF7A90B00C1F31E /* SpriteKit_tutorialEasyTests.swift */ = {isa = PBXFileReference; lastKnownFileType = sourcecode.swift; path = SpriteKit_tutorialEasyTests.swift; sourceTree = "<group>"; };
		D6D2EA931AF7AB0A00C1F31E /* background-music-aac.caf */ = {isa = PBXFileReference; lastKnownFileType = file; path = "background-music-aac.caf"; sourceTree = "<group>"; };
		D6D2EA941AF7AB0A00C1F31E /* pew-pew-lei.caf */ = {isa = PBXFileReference; lastKnownFileType = file; path = "pew-pew-lei.caf"; sourceTree = "<group>"; };
		D6D2EA991AF7D10600C1F31E /* GameOverScene.swift */ = {isa = PBXFileReference; fileEncoding = 4; lastKnownFileType = sourcecode.swift; path = GameOverScene.swift; sourceTree = "<group>"; };
		D6D982A31B00499300106A60 /* pause.png */ = {isa = PBXFileReference; lastKnownFileType = image.png; path = pause.png; sourceTree = "<group>"; };
/* End PBXFileReference section */

/* Begin PBXFrameworksBuildPhase section */
		D6D2EA651AF7A90B00C1F31E /* Frameworks */ = {
			isa = PBXFrameworksBuildPhase;
			buildActionMask = 2147483647;
			files = (
				D615FBD31AFCFA2700CB208C /* GameKit.framework in Frameworks */,
			);
			runOnlyForDeploymentPostprocessing = 0;
		};
		D6D2EA7E1AF7A90B00C1F31E /* Frameworks */ = {
			isa = PBXFrameworksBuildPhase;
			buildActionMask = 2147483647;
			files = (
			);
			runOnlyForDeploymentPostprocessing = 0;
		};
/* End PBXFrameworksBuildPhase section */

/* Begin PBXGroup section */
		D63F43431AFBA515000885E7 /* Model */ = {
			isa = PBXGroup;
			children = (
				D63F43441AFBA538000885E7 /* Player.swift */,
				D63F43481AFBB020000885E7 /* Enemy.swift */,
				D63F43571AFC1778000885E7 /* HUD.swift */,
				D63F43591AFC311F000885E7 /* Singleton.swift */,
			);
			name = Model;
			sourceTree = "<group>";
		};
		D63F434E1AFBEA4D000885E7 /* Sprites */ = {
			isa = PBXGroup;
			children = (
				D6D982A31B00499300106A60 /* pause.png */,
				D63F435D1AFC3BFC000885E7 /* explosion.png */,
				D63F435B1AFC3371000885E7 /* laser.png */,
				D63F43551AFBF824000885E7 /* space.png */,
				D63F434F1AFBEA68000885E7 /* rocket.png */,
				D63F43501AFBEA68000885E7 /* alien-spaceship.png */,
			);
			name = Sprites;
			path = Images;
			sourceTree = "<group>";
		};
		D640ACD61AF80C4900A6F6B0 /* Scene */ = {
			isa = PBXGroup;
			children = (
				D625ED7E1AFEDE0B00E9F40C /* Menu.sks */,
				D625EDB21AFEEEE800E9F40C /* Menu.swift */,
				D6D2EA711AF7A90B00C1F31E /* GameScene.swift */,
				D6D2EA991AF7D10600C1F31E /* GameOverScene.swift */,
			);
			name = Scene;
			sourceTree = "<group>";
		};
		D6869D3A1AFED3AC00F4C3B9 /* Particles */ = {
			isa = PBXGroup;
			children = (
				D6869D381AFECEB300F4C3B9 /* exhaust.sks */,
				D6869D301AFEC96600F4C3B9 /* fire.sks */,
				D6869D311AFEC96600F4C3B9 /* spark.png */,
			);
			name = Particles;
			sourceTree = "<group>";
		};
		D6D2EA5F1AF7A90B00C1F31E = {
			isa = PBXGroup;
			children = (
				D615FBD41AFCFAC900CB208C /* GameCenterManager.swift */,
				D615FBD21AFCFA2700CB208C /* GameKit.framework */,
				D6D2EA6A1AF7A90B00C1F31E /* SpriteKit_tutorialEasy */,
				D6D2EA841AF7A90B00C1F31E /* SpriteKit_tutorialEasyTests */,
				D6D2EA691AF7A90B00C1F31E /* Products */,
			);
			sourceTree = "<group>";
		};
		D6D2EA691AF7A90B00C1F31E /* Products */ = {
			isa = PBXGroup;
			children = (
				D6D2EA681AF7A90B00C1F31E /* SpriteKit_tutorialEasy.app */,
				D6D2EA811AF7A90B00C1F31E /* SpriteKit_tutorialEasyTests.xctest */,
			);
			name = Products;
			sourceTree = "<group>";
		};
		D6D2EA6A1AF7A90B00C1F31E /* SpriteKit_tutorialEasy */ = {
			isa = PBXGroup;
			children = (
				D6D2EA6D1AF7A90B00C1F31E /* AppDelegate.swift */,
				D63F43431AFBA515000885E7 /* Model */,
				D6D2EA911AF7AAF300C1F31E /* Resources */,
				D640ACD61AF80C4900A6F6B0 /* Scene */,
				D6D2EA731AF7A90B00C1F31E /* GameViewController.swift */,
				D63F43401AFB8A20000885E7 /* SKScene_extension.swift */,
				D6D2EA751AF7A90B00C1F31E /* Main.storyboard */,
				D6D2EA781AF7A90B00C1F31E /* Images.xcassets */,
				D6D2EA7A1AF7A90B00C1F31E /* LaunchScreen.xib */,
				D63F43421AFBA427000885E7 /* Testes.playground */,
				D6D2EA6B1AF7A90B00C1F31E /* Supporting Files */,
			);
			path = SpriteKit_tutorialEasy;
			sourceTree = "<group>";
		};
		D6D2EA6B1AF7A90B00C1F31E /* Supporting Files */ = {
			isa = PBXGroup;
			children = (
				D6D2EA6C1AF7A90B00C1F31E /* Info.plist */,
			);
			name = "Supporting Files";
			sourceTree = "<group>";
		};
		D6D2EA841AF7A90B00C1F31E /* SpriteKit_tutorialEasyTests */ = {
			isa = PBXGroup;
			children = (
				D6D2EA871AF7A90B00C1F31E /* SpriteKit_tutorialEasyTests.swift */,
				D6D2EA851AF7A90B00C1F31E /* Supporting Files */,
			);
			path = SpriteKit_tutorialEasyTests;
			sourceTree = "<group>";
		};
		D6D2EA851AF7A90B00C1F31E /* Supporting Files */ = {
			isa = PBXGroup;
			children = (
				D6D2EA861AF7A90B00C1F31E /* Info.plist */,
			);
			name = "Supporting Files";
			sourceTree = "<group>";
		};
		D6D2EA911AF7AAF300C1F31E /* Resources */ = {
			isa = PBXGroup;
			children = (
				D6869D3A1AFED3AC00F4C3B9 /* Particles */,
				D6D2EA921AF7AB0A00C1F31E /* Sounds */,
				D63F434E1AFBEA4D000885E7 /* Sprites */,
			);
			name = Resources;
			sourceTree = "<group>";
		};
		D6D2EA921AF7AB0A00C1F31E /* Sounds */ = {
			isa = PBXGroup;
			children = (
				D615FBD01AFCD80700CB208C /* explosion.mp3 */,
				D63F434C1AFBE89A000885E7 /* bg_sound1.mp3 */,
				D63F43461AFBAC8C000885E7 /* laser.mp3 */,
				D6D2EA931AF7AB0A00C1F31E /* background-music-aac.caf */,
				D6D2EA941AF7AB0A00C1F31E /* pew-pew-lei.caf */,
			);
			path = Sounds;
			sourceTree = "<group>";
		};
/* End PBXGroup section */

/* Begin PBXNativeTarget section */
		D6D2EA671AF7A90B00C1F31E /* SpriteKit_tutorialEasy */ = {
			isa = PBXNativeTarget;
			buildConfigurationList = D6D2EA8B1AF7A90B00C1F31E /* Build configuration list for PBXNativeTarget "SpriteKit_tutorialEasy" */;
			buildPhases = (
				D6D2EA641AF7A90B00C1F31E /* Sources */,
				D6D2EA651AF7A90B00C1F31E /* Frameworks */,
				D6D2EA661AF7A90B00C1F31E /* Resources */,
			);
			buildRules = (
			);
			dependencies = (
			);
			name = SpriteKit_tutorialEasy;
			productName = SpriteKit_tutorialEasy;
			productReference = D6D2EA681AF7A90B00C1F31E /* SpriteKit_tutorialEasy.app */;
			productType = "com.apple.product-type.application";
		};
		D6D2EA801AF7A90B00C1F31E /* SpriteKit_tutorialEasyTests */ = {
			isa = PBXNativeTarget;
			buildConfigurationList = D6D2EA8E1AF7A90B00C1F31E /* Build configuration list for PBXNativeTarget "SpriteKit_tutorialEasyTests" */;
			buildPhases = (
				D6D2EA7D1AF7A90B00C1F31E /* Sources */,
				D6D2EA7E1AF7A90B00C1F31E /* Frameworks */,
				D6D2EA7F1AF7A90B00C1F31E /* Resources */,
			);
			buildRules = (
			);
			dependencies = (
				D6D2EA831AF7A90B00C1F31E /* PBXTargetDependency */,
			);
			name = SpriteKit_tutorialEasyTests;
			productName = SpriteKit_tutorialEasyTests;
			productReference = D6D2EA811AF7A90B00C1F31E /* SpriteKit_tutorialEasyTests.xctest */;
			productType = "com.apple.product-type.bundle.unit-test";
		};
/* End PBXNativeTarget section */

/* Begin PBXProject section */
		D6D2EA601AF7A90B00C1F31E /* Project object */ = {
			isa = PBXProject;
			attributes = {
				LastUpgradeCheck = 0630;
				ORGANIZATIONNAME = "Jorge Henrique P. Garcia";
				TargetAttributes = {
					D6D2EA671AF7A90B00C1F31E = {
						CreatedOnToolsVersion = 6.3.1;
						DevelopmentTeam = 6VEL7G8EU2;
						SystemCapabilities = {
							com.apple.GameCenter = {
								enabled = 1;
							};
						};
					};
					D6D2EA801AF7A90B00C1F31E = {
						CreatedOnToolsVersion = 6.3.1;
						TestTargetID = D6D2EA671AF7A90B00C1F31E;
					};
				};
			};
			buildConfigurationList = D6D2EA631AF7A90B00C1F31E /* Build configuration list for PBXProject "SpriteKit_tutorialEasy" */;
			compatibilityVersion = "Xcode 3.2";
			developmentRegion = English;
			hasScannedForEncodings = 0;
			knownRegions = (
				en,
				Base,
			);
			mainGroup = D6D2EA5F1AF7A90B00C1F31E;
			productRefGroup = D6D2EA691AF7A90B00C1F31E /* Products */;
			projectDirPath = "";
			projectRoot = "";
			targets = (
				D6D2EA671AF7A90B00C1F31E /* SpriteKit_tutorialEasy */,
				D6D2EA801AF7A90B00C1F31E /* SpriteKit_tutorialEasyTests */,
			);
		};
/* End PBXProject section */

/* Begin PBXResourcesBuildPhase section */
		D6D2EA661AF7A90B00C1F31E /* Resources */ = {
			isa = PBXResourcesBuildPhase;
			buildActionMask = 2147483647;
			files = (
				D63F43471AFBAC8C000885E7 /* laser.mp3 in Resources */,
				D6D2EA961AF7AB0A00C1F31E /* background-music-aac.caf in Resources */,
				D6869D321AFEC96600F4C3B9 /* fire.sks in Resources */,
				D63F434D1AFBE89A000885E7 /* bg_sound1.mp3 in Resources */,
				D615FBD11AFCD80700CB208C /* explosion.mp3 in Resources */,
				D6D2EA7C1AF7A90B00C1F31E /* LaunchScreen.xib in Resources */,
				D63F43561AFBF824000885E7 /* space.png in Resources */,
				D6D2EA791AF7A90B00C1F31E /* Images.xcassets in Resources */,
				D6D2EA971AF7AB0A00C1F31E /* pew-pew-lei.caf in Resources */,
				D63F435E1AFC3BFC000885E7 /* explosion.png in Resources */,
				D63F435C1AFC3371000885E7 /* laser.png in Resources */,
				D63F43511AFBEA68000885E7 /* rocket.png in Resources */,
				D6869D391AFECEB300F4C3B9 /* exhaust.sks in Resources */,
				D625ED7F1AFEDE0B00E9F40C /* Menu.sks in Resources */,
				D6D982A41B00499300106A60 /* pause.png in Resources */,
				D6869D331AFEC96600F4C3B9 /* spark.png in Resources */,
				D63F43521AFBEA68000885E7 /* alien-spaceship.png in Resources */,
				D6D2EA771AF7A90B00C1F31E /* Main.storyboard in Resources */,
			);
			runOnlyForDeploymentPostprocessing = 0;
		};
		D6D2EA7F1AF7A90B00C1F31E /* Resources */ = {
			isa = PBXResourcesBuildPhase;
			buildActionMask = 2147483647;
			files = (
			);
			runOnlyForDeploymentPostprocessing = 0;
		};
/* End PBXResourcesBuildPhase section */

/* Begin PBXSourcesBuildPhase section */
		D6D2EA641AF7A90B00C1F31E /* Sources */ = {
			isa = PBXSourcesBuildPhase;
			buildActionMask = 2147483647;
			files = (
				D6D2EA721AF7A90B00C1F31E /* GameScene.swift in Sources */,
				D63F435A1AFC311F000885E7 /* Singleton.swift in Sources */,
				D6D2EA741AF7A90B00C1F31E /* GameViewController.swift in Sources */,
				D6D2EA9A1AF7D10600C1F31E /* GameOverScene.swift in Sources */,
				D63F43411AFB8A20000885E7 /* SKScene_extension.swift in Sources */,
				D625EDB31AFEEEE800E9F40C /* Menu.swift in Sources */,
				D63F43451AFBA538000885E7 /* Player.swift in Sources */,
				D63F43581AFC1778000885E7 /* HUD.swift in Sources */,
				D6D2EA6E1AF7A90B00C1F31E /* AppDelegate.swift in Sources */,
				D615FBD51AFCFAC900CB208C /* GameCenterManager.swift in Sources */,
				D63F43491AFBB020000885E7 /* Enemy.swift in Sources */,
			);
			runOnlyForDeploymentPostprocessing = 0;
		};
		D6D2EA7D1AF7A90B00C1F31E /* Sources */ = {
			isa = PBXSourcesBuildPhase;
			buildActionMask = 2147483647;
			files = (
				D6D2EA881AF7A90B00C1F31E /* SpriteKit_tutorialEasyTests.swift in Sources */,
			);
			runOnlyForDeploymentPostprocessing = 0;
		};
/* End PBXSourcesBuildPhase section */

/* Begin PBXTargetDependency section */
		D6D2EA831AF7A90B00C1F31E /* PBXTargetDependency */ = {
			isa = PBXTargetDependency;
			target = D6D2EA671AF7A90B00C1F31E /* SpriteKit_tutorialEasy */;
			targetProxy = D6D2EA821AF7A90B00C1F31E /* PBXContainerItemProxy */;
		};
/* End PBXTargetDependency section */

/* Begin PBXVariantGroup section */
		D6D2EA751AF7A90B00C1F31E /* Main.storyboard */ = {
			isa = PBXVariantGroup;
			children = (
				D6D2EA761AF7A90B00C1F31E /* Base */,
			);
			name = Main.storyboard;
			sourceTree = "<group>";
		};
		D6D2EA7A1AF7A90B00C1F31E /* LaunchScreen.xib */ = {
			isa = PBXVariantGroup;
			children = (
				D6D2EA7B1AF7A90B00C1F31E /* Base */,
			);
			name = LaunchScreen.xib;
			sourceTree = "<group>";
		};
/* End PBXVariantGroup section */

/* Begin XCBuildConfiguration section */
		D6D2EA891AF7A90B00C1F31E /* Debug */ = {
			isa = XCBuildConfiguration;
			buildSettings = {
				ALWAYS_SEARCH_USER_PATHS = NO;
				CLANG_CXX_LANGUAGE_STANDARD = "gnu++0x";
				CLANG_CXX_LIBRARY = "libc++";
				CLANG_ENABLE_MODULES = YES;
				CLANG_ENABLE_OBJC_ARC = YES;
				CLANG_WARN_BOOL_CONVERSION = YES;
				CLANG_WARN_CONSTANT_CONVERSION = YES;
				CLANG_WARN_DIRECT_OBJC_ISA_USAGE = YES_ERROR;
				CLANG_WARN_EMPTY_BODY = YES;
				CLANG_WARN_ENUM_CONVERSION = YES;
				CLANG_WARN_INT_CONVERSION = YES;
				CLANG_WARN_OBJC_ROOT_CLASS = YES_ERROR;
				CLANG_WARN_UNREACHABLE_CODE = YES;
				CLANG_WARN__DUPLICATE_METHOD_MATCH = YES;
				"CODE_SIGN_IDENTITY[sdk=iphoneos*]" = "iPhone Developer";
				COPY_PHASE_STRIP = NO;
				DEBUG_INFORMATION_FORMAT = "dwarf-with-dsym";
				ENABLE_STRICT_OBJC_MSGSEND = YES;
				GCC_C_LANGUAGE_STANDARD = gnu99;
				GCC_DYNAMIC_NO_PIC = NO;
				GCC_NO_COMMON_BLOCKS = YES;
				GCC_OPTIMIZATION_LEVEL = 0;
				GCC_PREPROCESSOR_DEFINITIONS = (
					"DEBUG=1",
					"$(inherited)",
				);
				GCC_SYMBOLS_PRIVATE_EXTERN = NO;
				GCC_WARN_64_TO_32_BIT_CONVERSION = YES;
				GCC_WARN_ABOUT_RETURN_TYPE = YES_ERROR;
				GCC_WARN_UNDECLARED_SELECTOR = YES;
				GCC_WARN_UNINITIALIZED_AUTOS = YES_AGGRESSIVE;
				GCC_WARN_UNUSED_FUNCTION = YES;
				GCC_WARN_UNUSED_VARIABLE = YES;
				IPHONEOS_DEPLOYMENT_TARGET = 8.3;
				MTL_ENABLE_DEBUG_INFO = YES;
				ONLY_ACTIVE_ARCH = YES;
				SDKROOT = iphoneos;
				SWIFT_OPTIMIZATION_LEVEL = "-Onone";
				TARGETED_DEVICE_FAMILY = "1,2";
			};
			name = Debug;
		};
		D6D2EA8A1AF7A90B00C1F31E /* Release */ = {
			isa = XCBuildConfiguration;
			buildSettings = {
				ALWAYS_SEARCH_USER_PATHS = NO;
				CLANG_CXX_LANGUAGE_STANDARD = "gnu++0x";
				CLANG_CXX_LIBRARY = "libc++";
				CLANG_ENABLE_MODULES = YES;
				CLANG_ENABLE_OBJC_ARC = YES;
				CLANG_WARN_BOOL_CONVERSION = YES;
				CLANG_WARN_CONSTANT_CONVERSION = YES;
				CLANG_WARN_DIRECT_OBJC_ISA_USAGE = YES_ERROR;
				CLANG_WARN_EMPTY_BODY = YES;
				CLANG_WARN_ENUM_CONVERSION = YES;
				CLANG_WARN_INT_CONVERSION = YES;
				CLANG_WARN_OBJC_ROOT_CLASS = YES_ERROR;
				CLANG_WARN_UNREACHABLE_CODE = YES;
				CLANG_WARN__DUPLICATE_METHOD_MATCH = YES;
				"CODE_SIGN_IDENTITY[sdk=iphoneos*]" = "iPhone Developer";
				COPY_PHASE_STRIP = NO;
				DEBUG_INFORMATION_FORMAT = "dwarf-with-dsym";
				ENABLE_NS_ASSERTIONS = NO;
				ENABLE_STRICT_OBJC_MSGSEND = YES;
				GCC_C_LANGUAGE_STANDARD = gnu99;
				GCC_NO_COMMON_BLOCKS = YES;
				GCC_WARN_64_TO_32_BIT_CONVERSION = YES;
				GCC_WARN_ABOUT_RETURN_TYPE = YES_ERROR;
				GCC_WARN_UNDECLARED_SELECTOR = YES;
				GCC_WARN_UNINITIALIZED_AUTOS = YES_AGGRESSIVE;
				GCC_WARN_UNUSED_FUNCTION = YES;
				GCC_WARN_UNUSED_VARIABLE = YES;
				IPHONEOS_DEPLOYMENT_TARGET = 8.3;
				MTL_ENABLE_DEBUG_INFO = NO;
				SDKROOT = iphoneos;
				TARGETED_DEVICE_FAMILY = "1,2";
				VALIDATE_PRODUCT = YES;
			};
			name = Release;
		};
		D6D2EA8C1AF7A90B00C1F31E /* Debug */ = {
			isa = XCBuildConfiguration;
			buildSettings = {
				ASSETCATALOG_COMPILER_APPICON_NAME = AppIcon;
				CODE_SIGN_IDENTITY = "iPhone Developer";
				"CODE_SIGN_IDENTITY[sdk=iphoneos*]" = "iPhone Developer";
				INFOPLIST_FILE = SpriteKit_tutorialEasy/Info.plist;
				LD_RUNPATH_SEARCH_PATHS = "$(inherited) @executable_path/Frameworks";
				PRODUCT_NAME = "$(TARGET_NAME)";
				PROVISIONING_PROFILE = "";
			};
			name = Debug;
		};
		D6D2EA8D1AF7A90B00C1F31E /* Release */ = {
			isa = XCBuildConfiguration;
			buildSettings = {
				ASSETCATALOG_COMPILER_APPICON_NAME = AppIcon;
				CODE_SIGN_IDENTITY = "iPhone Developer";
				"CODE_SIGN_IDENTITY[sdk=iphoneos*]" = "iPhone Developer";
				INFOPLIST_FILE = SpriteKit_tutorialEasy/Info.plist;
				LD_RUNPATH_SEARCH_PATHS = "$(inherited) @executable_path/Frameworks";
				PRODUCT_NAME = "$(TARGET_NAME)";
				PROVISIONING_PROFILE = "";
			};
			name = Release;
		};
		D6D2EA8F1AF7A90B00C1F31E /* Debug */ = {
			isa = XCBuildConfiguration;
			buildSettings = {
				BUNDLE_LOADER = "$(TEST_HOST)";
				FRAMEWORK_SEARCH_PATHS = (
					"$(SDKROOT)/Developer/Library/Frameworks",
					"$(inherited)",
				);
				GCC_PREPROCESSOR_DEFINITIONS = (
					"DEBUG=1",
					"$(inherited)",
				);
				INFOPLIST_FILE = SpriteKit_tutorialEasyTests/Info.plist;
				LD_RUNPATH_SEARCH_PATHS = "$(inherited) @executable_path/Frameworks @loader_path/Frameworks";
				PRODUCT_NAME = "$(TARGET_NAME)";
				TEST_HOST = "$(BUILT_PRODUCTS_DIR)/SpriteKit_tutorialEasy.app/SpriteKit_tutorialEasy";
			};
			name = Debug;
		};
		D6D2EA901AF7A90B00C1F31E /* Release */ = {
			isa = XCBuildConfiguration;
			buildSettings = {
				BUNDLE_LOADER = "$(TEST_HOST)";
				FRAMEWORK_SEARCH_PATHS = (
					"$(SDKROOT)/Developer/Library/Frameworks",
					"$(inherited)",
				);
				INFOPLIST_FILE = SpriteKit_tutorialEasyTests/Info.plist;
				LD_RUNPATH_SEARCH_PATHS = "$(inherited) @executable_path/Frameworks @loader_path/Frameworks";
				PRODUCT_NAME = "$(TARGET_NAME)";
				TEST_HOST = "$(BUILT_PRODUCTS_DIR)/SpriteKit_tutorialEasy.app/SpriteKit_tutorialEasy";
			};
			name = Release;
		};
/* End XCBuildConfiguration section */

/* Begin XCConfigurationList section */
		D6D2EA631AF7A90B00C1F31E /* Build configuration list for PBXProject "SpriteKit_tutorialEasy" */ = {
			isa = XCConfigurationList;
			buildConfigurations = (
				D6D2EA891AF7A90B00C1F31E /* Debug */,
				D6D2EA8A1AF7A90B00C1F31E /* Release */,
			);
			defaultConfigurationIsVisible = 0;
			defaultConfigurationName = Release;
		};
		D6D2EA8B1AF7A90B00C1F31E /* Build configuration list for PBXNativeTarget "SpriteKit_tutorialEasy" */ = {
			isa = XCConfigurationList;
			buildConfigurations = (
				D6D2EA8C1AF7A90B00C1F31E /* Debug */,
				D6D2EA8D1AF7A90B00C1F31E /* Release */,
			);
			defaultConfigurationIsVisible = 0;
			defaultConfigurationName = Release;
		};
		D6D2EA8E1AF7A90B00C1F31E /* Build configuration list for PBXNativeTarget "SpriteKit_tutorialEasyTests" */ = {
			isa = XCConfigurationList;
			buildConfigurations = (
				D6D2EA8F1AF7A90B00C1F31E /* Debug */,
				D6D2EA901AF7A90B00C1F31E /* Release */,
			);
			defaultConfigurationIsVisible = 0;
			defaultConfigurationName = Release;
		};
/* End XCConfigurationList section */
	};
	rootObject = D6D2EA601AF7A90B00C1F31E /* Project object */;
}
